// !$*UTF8*$!
{
	archiveVersion = 1;
	classes = {
	};
	objectVersion = 46;
	objects = {

/* Begin PBXBuildFile section */
		3569AAF01D7B5A800041F148 /* AppDelegate.swift in Sources */ = {isa = PBXBuildFile; fileRef = 3569AAEF1D7B5A800041F148 /* AppDelegate.swift */; };
		3569AAF21D7B5A800041F148 /* ViewController.swift in Sources */ = {isa = PBXBuildFile; fileRef = 3569AAF11D7B5A800041F148 /* ViewController.swift */; };
		3569AAF51D7B5A800041F148 /* Main.storyboard in Resources */ = {isa = PBXBuildFile; fileRef = 3569AAF31D7B5A800041F148 /* Main.storyboard */; };
		3569AAF71D7B5A800041F148 /* Assets.xcassets in Resources */ = {isa = PBXBuildFile; fileRef = 3569AAF61D7B5A800041F148 /* Assets.xcassets */; };
		3569AAFA1D7B5A800041F148 /* LaunchScreen.storyboard in Resources */ = {isa = PBXBuildFile; fileRef = 3569AAF81D7B5A800041F148 /* LaunchScreen.storyboard */; };
		35DA39AC1D7CCCC200764E5D /* Minecraft.ttf in Resources */ = {isa = PBXBuildFile; fileRef = 35DA39AB1D7CCCC200764E5D /* Minecraft.ttf */; };
		35DA39AE1D7CCEF200764E5D /* btn.wav in Resources */ = {isa = PBXBuildFile; fileRef = 35DA39AD1D7CCEF200764E5D /* btn.wav */; };
/* End PBXBuildFile section */

/* Begin PBXFileReference section */
		3569AAEC1D7B5A800041F148 /* RetroCalculator.app */ = {isa = PBXFileReference; explicitFileType = wrapper.application; includeInIndex = 0; path = RetroCalculator.app; sourceTree = BUILT_PRODUCTS_DIR; };
		3569AAEF1D7B5A800041F148 /* AppDelegate.swift */ = {isa = PBXFileReference; lastKnownFileType = sourcecode.swift; path = AppDelegate.swift; sourceTree = "<group>"; };
		3569AAF11D7B5A800041F148 /* ViewController.swift */ = {isa = PBXFileReference; lastKnownFileType = sourcecode.swift; path = ViewController.swift; sourceTree = "<group>"; };
		3569AAF41D7B5A800041F148 /* Base */ = {isa = PBXFileReference; lastKnownFileType = file.storyboard; name = Base; path = Base.lproj/Main.storyboard; sourceTree = "<group>"; };
		3569AAF61D7B5A800041F148 /* Assets.xcassets */ = {isa = PBXFileReference; lastKnownFileType = folder.assetcatalog; path = Assets.xcassets; sourceTree = "<group>"; };
		3569AAF91D7B5A800041F148 /* Base */ = {isa = PBXFileReference; lastKnownFileType = file.storyboard; name = Base; path = Base.lproj/LaunchScreen.storyboard; sourceTree = "<group>"; };
		3569AAFB1D7B5A800041F148 /* Info.plist */ = {isa = PBXFileReference; lastKnownFileType = text.plist.xml; path = Info.plist; sourceTree = "<group>"; };
		35DA39AB1D7CCCC200764E5D /* Minecraft.ttf */ = {isa = PBXFileReference; lastKnownFileType = file; path = Minecraft.ttf; sourceTree = "<group>"; };
		35DA39AD1D7CCEF200764E5D /* btn.wav */ = {isa = PBXFileReference; lastKnownFileType = audio.wav; path = btn.wav; sourceTree = "<group>"; };
/* End PBXFileReference section */

/* Begin PBXFrameworksBuildPhase section */
		3569AAE91D7B5A800041F148 /* Frameworks */ = {
			isa = PBXFrameworksBuildPhase;
			buildActionMask = 2147483647;
			files = (
			);
			runOnlyForDeploymentPostprocessing = 0;
		};
/* End PBXFrameworksBuildPhase section */

/* Begin PBXGroup section */
		3569AAE31D7B5A800041F148 = {
			isa = PBXGroup;
			children = (
				3569AAEE1D7B5A800041F148 /* RetroCalculator */,
				3569AAED1D7B5A800041F148 /* Products */,
			);
			sourceTree = "<group>";
		};
		3569AAED1D7B5A800041F148 /* Products */ = {
			isa = PBXGroup;
			children = (
				3569AAEC1D7B5A800041F148 /* RetroCalculator.app */,
			);
			name = Products;
			sourceTree = "<group>";
		};
		3569AAEE1D7B5A800041F148 /* RetroCalculator */ = {
			isa = PBXGroup;
			children = (
				35DA39AD1D7CCEF200764E5D /* btn.wav */,
				35DA39AB1D7CCCC200764E5D /* Minecraft.ttf */,
				3569AAEF1D7B5A800041F148 /* AppDelegate.swift */,
				3569AAF11D7B5A800041F148 /* ViewController.swift */,
				3569AAF31D7B5A800041F148 /* Main.storyboard */,
				3569AAF61D7B5A800041F148 /* Assets.xcassets */,
				3569AAF81D7B5A800041F148 /* LaunchScreen.storyboard */,
				3569AAFB1D7B5A800041F148 /* Info.plist */,
			);
			path = RetroCalculator;
			sourceTree = "<group>";
		};
/* End PBXGroup section */

/* Begin PBXNativeTarget section */
		3569AAEB1D7B5A800041F148 /* RetroCalculator */ = {
			isa = PBXNativeTarget;
			buildConfigurationList = 3569AAFE1D7B5A800041F148 /* Build configuration list for PBXNativeTarget "RetroCalculator" */;
			buildPhases = (
				3569AAE81D7B5A800041F148 /* Sources */,
				3569AAE91D7B5A800041F148 /* Frameworks */,
				3569AAEA1D7B5A800041F148 /* Resources */,
			);
			buildRules = (
			);
			dependencies = (
			);
			name = RetroCalculator;
			productName = RetroCalculator;
			productReference = 3569AAEC1D7B5A800041F148 /* RetroCalculator.app */;
			productType = "com.apple.product-type.application";
		};
/* End PBXNativeTarget section */

/* Begin PBXProject section */
		3569AAE41D7B5A800041F148 /* Project object */ = {
			isa = PBXProject;
			attributes = {
				LastSwiftUpdateCheck = 0800;
				LastUpgradeCheck = 0800;
				ORGANIZATIONNAME = Pelican;
				TargetAttributes = {
					3569AAEB1D7B5A800041F148 = {
						CreatedOnToolsVersion = 8.0;
						DevelopmentTeam = Z65JLH99GY;
						ProvisioningStyle = Automatic;
					};
				};
			};
			buildConfigurationList = 3569AAE71D7B5A800041F148 /* Build configuration list for PBXProject "RetroCalculator" */;
			compatibilityVersion = "Xcode 3.2";
			developmentRegion = English;
			hasScannedForEncodings = 0;
			knownRegions = (
				en,
				Base,
			);
			mainGroup = 3569AAE31D7B5A800041F148;
			productRefGroup = 3569AAED1D7B5A800041F148 /* Products */;
			projectDirPath = "";
			projectRoot = "";
			targets = (
				3569AAEB1D7B5A800041F148 /* RetroCalculator */,
			);
		};
/* End PBXProject section */

/* Begin PBXResourcesBuildPhase section */
		3569AAEA1D7B5A800041F148 /* Resources */ = {
			isa = PBXResourcesBuildPhase;
			buildActionMask = 2147483647;
			files = (
				35DA39AE1D7CCEF200764E5D /* btn.wav in Resources */,
				3569AAFA1D7B5A800041F148 /* LaunchScreen.storyboard in Resources */,
				3569AAF71D7B5A800041F148 /* Assets.xcassets in Resources */,
				35DA39AC1D7CCCC200764E5D /* Minecraft.ttf in Resources */,
				3569AAF51D7B5A800041F148 /* Main.storyboard in Resources */,
			);
			runOnlyForDeploymentPostprocessing = 0;
		};
/* End PBXResourcesBuildPhase section */

/* Begin PBXSourcesBuildPhase section */
		3569AAE81D7B5A800041F148 /* Sources */ = {
			isa = PBXSourcesBuildPhase;
			buildActionMask = 2147483647;
			files = (
				3569AAF21D7B5A800041F148 /* ViewController.swift in Sources */,
				3569AAF01D7B5A800041F148 /* AppDelegate.swift in Sources */,
			);
			runOnlyForDeploymentPostprocessing = 0;
		};
/* End PBXSourcesBuildPhase section */

/* Begin PBXVariantGroup section */
		3569AAF31D7B5A800041F148 /* Main.storyboard */ = {
			isa = PBXVariantGroup;
			children = (
				3569AAF41D7B5A800041F148 /* Base */,
			);
			name = Main.storyboard;
			sourceTree = "<group>";
		};
		3569AAF81D7B5A800041F148 /* LaunchScreen.storyboard */ = {
			isa = PBXVariantGroup;
			children = (
				3569AAF91D7B5A800041F148 /* Base */,
			);
			name = LaunchScreen.storyboard;
			sourceTree = "<group>";
		};
/* End PBXVariantGroup section */

/* Begin XCBuildConfiguration section */
		3569AAFC1D7B5A800041F148 /* Debug */ = {
			isa = XCBuildConfiguration;
			buildSettings = {
				ALWAYS_SEARCH_USER_PATHS = NO;
				CLANG_ANALYZER_NONNULL = YES;
				CLANG_CXX_LANGUAGE_STANDARD = "gnu++0x";
				CLANG_CXX_LIBRARY = "libc++";
				CLANG_ENABLE_MODULES = YES;
				CLANG_ENABLE_OBJC_ARC = YES;
				CLANG_WARN_BOOL_CONVERSION = YES;
				CLANG_WARN_CONSTANT_CONVERSION = YES;
				CLANG_WARN_DIRECT_OBJC_ISA_USAGE = YES_ERROR;
				CLANG_WARN_DOCUMENTATION_COMMENTS = YES;
				CLANG_WARN_EMPTY_BODY = YES;
				CLANG_WARN_ENUM_CONVERSION = YES;
				CLANG_WARN_INFINITE_RECURSION = YES;
				CLANG_WARN_INT_CONVERSION = YES;
				CLANG_WARN_OBJC_ROOT_CLASS = YES_ERROR;
				CLANG_WARN_SUSPICIOUS_MOVES = YES;
				CLANG_WARN_UNREACHABLE_CODE = YES;
				CLANG_WARN__DUPLICATE_METHOD_MATCH = YES;
				"CODE_SIGN_IDENTITY[sdk=iphoneos*]" = "iPhone Developer";
				COPY_PHASE_STRIP = NO;
				DEBUG_INFORMATION_FORMAT = dwarf;
				ENABLE_STRICT_OBJC_MSGSEND = YES;
				ENABLE_TESTABILITY = YES;
				GCC_C_LANGUAGE_STANDARD = gnu99;
				GCC_DYNAMIC_NO_PIC = NO;
				GCC_NO_COMMON_BLOCKS = YES;
				GCC_OPTIMIZATION_LEVEL = 0;
				GCC_PREPROCESSOR_DEFINITIONS = (
					"DEBUG=1",
					"$(inherited)",
				);
				GCC_WARN_64_TO_32_BIT_CONVERSION = YES;
				GCC_WARN_ABOUT_RETURN_TYPE = YES_ERROR;
				GCC_WARN_UNDECLARED_SELECTOR = YES;
				GCC_WARN_UNINITIALIZED_AUTOS = YES_AGGRESSIVE;
				GCC_WARN_UNUSED_FUNCTION = YES;
				GCC_WARN_UNUSED_VARIABLE = YES;
				IPHONEOS_DEPLOYMENT_TARGET = 10.0;
				MTL_ENABLE_DEBUG_INFO = YES;
				ONLY_ACTIVE_ARCH = YES;
				SDKROOT = iphoneos;
				SWIFT_ACTIVE_COMPILATION_CONDITIONS = DEBUG;
				SWIFT_OPTIMIZATION_LEVEL = "-Onone";
				TARGETED_DEVICE_FAMILY = "1,2";
			};
			name = Debug;
		};
		3569AAFD1D7B5A800041F148 /* Release */ = {
			isa = XCBuildConfiguration;
			buildSettings = {
				ALWAYS_SEARCH_USER_PATHS = NO;
				CLANG_ANALYZER_NONNULL = YES;
				CLANG_CXX_LANGUAGE_STANDARD = "gnu++0x";
				CLANG_CXX_LIBRARY = "libc++";
				CLANG_ENABLE_MODULES = YES;
				CLANG_ENABLE_OBJC_ARC = YES;
				CLANG_WARN_BOOL_CONVERSION = YES;
				CLANG_WARN_CONSTANT_CONVERSION = YES;
				CLANG_WARN_DIRECT_OBJC_ISA_USAGE = YES_ERROR;
				CLANG_WARN_DOCUMENTATION_COMMENTS = YES;
				CLANG_WARN_EMPTY_BODY = YES;
				CLANG_WARN_ENUM_CONVERSION = YES;
				CLANG_WARN_INFINITE_RECURSION = YES;
				CLANG_WARN_INT_CONVERSION = YES;
				CLANG_WARN_OBJC_ROOT_CLASS = YES_ERROR;
				CLANG_WARN_SUSPICIOUS_MOVES = YES;
				CLANG_WARN_UNREACHABLE_CODE = YES;
				CLANG_WARN__DUPLICATE_METHOD_MATCH = YES;
				"CODE_SIGN_IDENTITY[sdk=iphoneos*]" = "iPhone Developer";
				COPY_PHASE_STRIP = NO;
				DEBUG_INFORMATION_FORMAT = "dwarf-with-dsym";
				ENABLE_NS_ASSERTIONS = NO;
				ENABLE_STRICT_OBJC_MSGSEND = YES;
				GCC_C_LANGUAGE_STANDARD = gnu99;
				GCC_NO_COMMON_BLOCKS = YES;
				GCC_WARN_64_TO_32_BIT_CONVERSION = YES;
				GCC_WARN_ABOUT_RETURN_TYPE = YES_ERROR;
				GCC_WARN_UNDECLARED_SELECTOR = YES;
				GCC_WARN_UNINITIALIZED_AUTOS = YES_AGGRESSIVE;
				GCC_WARN_UNUSED_FUNCTION = YES;
				GCC_WARN_UNUSED_VARIABLE = YES;
				IPHONEOS_DEPLOYMENT_TARGET = 10.0;
				MTL_ENABLE_DEBUG_INFO = NO;
				SDKROOT = iphoneos;
				SWIFT_OPTIMIZATION_LEVEL = "-Owholemodule";
				TARGETED_DEVICE_FAMILY = "1,2";
				VALIDATE_PRODUCT = YES;
			};
			name = Release;
		};
		3569AAFF1D7B5A800041F148 /* Debug */ = {
			isa = XCBuildConfiguration;
			buildSettings = {
				ASSETCATALOG_COMPILER_APPICON_NAME = AppIcon;
				DEVELOPMENT_TEAM = Z65JLH99GY;
				INFOPLIST_FILE = RetroCalculator/Info.plist;
				LD_RUNPATH_SEARCH_PATHS = "$(inherited) @executable_path/Frameworks";
				PRODUCT_BUNDLE_IDENTIFIER = com.Pelican.RetroCalculator;
				PRODUCT_NAME = "$(TARGET_NAME)";
				SWIFT_VERSION = 3.0;
			};
			name = Debug;
		};
		3569AB001D7B5A800041F148 /* Release */ = {
			isa = XCBuildConfiguration;
			buildSettings = {
				ASSETCATALOG_COMPILER_APPICON_NAME = AppIcon;
				DEVELOPMENT_TEAM = Z65JLH99GY;
				INFOPLIST_FILE = RetroCalculator/Info.plist;
				LD_RUNPATH_SEARCH_PATHS = "$(inherited) @executable_path/Frameworks";
				PRODUCT_BUNDLE_IDENTIFIER = com.Pelican.RetroCalculator;
				PRODUCT_NAME = "$(TARGET_NAME)";
				SWIFT_VERSION = 3.0;
			};
			name = Release;
		};
/* End XCBuildConfiguration section */

/* Begin XCConfigurationList section */
		3569AAE71D7B5A800041F148 /* Build configuration list for PBXProject "RetroCalculator" */ = {
			isa = XCConfigurationList;
			buildConfigurations = (
				3569AAFC1D7B5A800041F148 /* Debug */,
				3569AAFD1D7B5A800041F148 /* Release */,
			);
			defaultConfigurationIsVisible = 0;
			defaultConfigurationName = Release;
		};
		3569AAFE1D7B5A800041F148 /* Build configuration list for PBXNativeTarget "RetroCalculator" */ = {
			isa = XCConfigurationList;
			buildConfigurations = (
				3569AAFF1D7B5A800041F148 /* Debug */,
				3569AB001D7B5A800041F148 /* Release */,
			);
			defaultConfigurationIsVisible = 0;
			defaultConfigurationName = Release;
		};
/* End XCConfigurationList section */
	};
	rootObject = 3569AAE41D7B5A800041F148 /* Project object */;
}
